
Microsoft Visual Studio Solution File, Format Version 12.00
Project("{FAE04EC0-301F-11D3-BF4B-00C04F79EFBC}") = "Calculator", "Calculator\Calculator.csproj", "{4FB64B11-50ED-46D3-B3B0-CB3B0948B871}"
EndProject
Global
	GlobalSection(SolutionConfigurationPlatforms) = preSolution
		Debug|Any CPU = Debug|Any CPU
		Release|Any CPU = Release|Any CPU
	EndGlobalSection
	GlobalSection(ProjectConfigurationPlatforms) = postSolution
		{4FB64B11-50ED-46D3-B3B0-CB3B0948B871}.Debug|Any CPU.ActiveCfg = Debug|Any CPU
		{4FB64B11-50ED-46D3-B3B0-CB3B0948B871}.Debug|Any CPU.Build.0 = Debug|Any CPU
		{4FB64B11-50ED-46D3-B3B0-CB3B0948B871}.Release|Any CPU.ActiveCfg = Release|Any CPU
		{4FB64B11-50ED-46D3-B3B0-CB3B0948B871}.Release|Any CPU.Build.0 = Release|Any CPU
	EndGlobalSection
EndGlobal
